# This file is automatically @generated by Cargo.
# It is not intended for manual editing.
version = 4

[[package]]
name = "deve-sub-contract"
version = "0.1.0"

[[package]]
name = "deve-sub-domain"
version = "0.1.0"
dependencies = [
 "deve-sub-kernel",
]

[[package]]
name = "deve-sub-kernel"
version = "0.1.0"
